
Microsoft Visual Studio Solution File, Format Version 12.00
# Visual Studio 2013
VisualStudioVersion = 12.0.30501.0
MinimumVisualStudioVersion = 10.0.40219.1
Project("{FAE04EC0-301F-11D3-BF4B-00C04F79EFBC}") = "RegistrationPage", "RegistrationPage\RegistrationPage.csproj", "{AF41CC7A-5F6D-4C7A-B09A-4EAB5E4BE63A}"
EndProject
Project("{FAE04EC0-301F-11D3-BF4B-00C04F79EFBC}") = "Facebook-Net45", "..\facebook-csharp-sdk-master\facebook-csharp-sdk-master\Source\Facebook\Facebook-Net45.csproj", "{857E540C-0092-4590-A279-F98A6B77AC0A}"
EndProject
Global
	GlobalSection(SolutionConfigurationPlatforms) = preSolution
		Debug|Any CPU = Debug|Any CPU
		Release|Any CPU = Release|Any CPU
	EndGlobalSection
	GlobalSection(ProjectConfigurationPlatforms) = postSolution
		{AF41CC7A-5F6D-4C7A-B09A-4EAB5E4BE63A}.Debug|Any CPU.ActiveCfg = Debug|Any CPU
		{AF41CC7A-5F6D-4C7A-B09A-4EAB5E4BE63A}.Debug|Any CPU.Build.0 = Debug|Any CPU
		{AF41CC7A-5F6D-4C7A-B09A-4EAB5E4BE63A}.Release|Any CPU.ActiveCfg = Release|Any CPU
		{AF41CC7A-5F6D-4C7A-B09A-4EAB5E4BE63A}.Release|Any CPU.Build.0 = Release|Any CPU
		{857E540C-0092-4590-A279-F98A6B77AC0A}.Debug|Any CPU.ActiveCfg = Debug|Any CPU
		{857E540C-0092-4590-A279-F98A6B77AC0A}.Debug|Any CPU.Build.0 = Debug|Any CPU
		{857E540C-0092-4590-A279-F98A6B77AC0A}.Release|Any CPU.ActiveCfg = Release|Any CPU
		{857E540C-0092-4590-A279-F98A6B77AC0A}.Release|Any CPU.Build.0 = Release|Any CPU
	EndGlobalSection
	GlobalSection(SolutionProperties) = preSolution
		HideSolutionNode = FALSE
	EndGlobalSection
EndGlobal
